# THIS IS AN AUTOGENERATED FILE. DO NOT EDIT THIS FILE DIRECTLY.
# yarn lockfile v1


"@nimiq/nano-api@^0.0.3":
  version "0.0.3"
  resolved "https://registry.yarnpkg.com/@nimiq/nano-api/-/nano-api-0.0.3.tgz#dc9649a5ba75546f062bf2b4c768ac2840dc1141"
  dependencies:
    "@nimiq/utils" "^0.0.2"

"@nimiq/rpc-events@^0.0.4":
  version "0.0.4"
  resolved "https://registry.yarnpkg.com/@nimiq/rpc-events/-/rpc-events-0.0.4.tgz#b1bea730af8200bc57ec2140a48b23de3c7b421a"
  dependencies:
    "@nimiq/rpc" "^0.0.8"

"@nimiq/rpc@^0.0.8":
  version "0.0.8"
  resolved "https://registry.yarnpkg.com/@nimiq/rpc/-/rpc-0.0.8.tgz#699c9593bf3e9ed10e53555dfae533e1f188c3e0"

"@nimiq/utils@^0.0.2":
  version "0.0.2"
  resolved "https://registry.yarnpkg.com/@nimiq/utils/-/utils-0.0.2.tgz#190747f8ef9e6b4640e4ee3c5a9c0b089bf47049"

"@types/estree@0.0.39":
  version "0.0.39"
  resolved "https://registry.yarnpkg.com/@types/estree/-/estree-0.0.39.tgz#e177e699ee1b8c22d23174caaa7422644389509f"

"@types/node@*":
  version "10.9.3"
  resolved "https://registry.yarnpkg.com/@types/node/-/node-10.9.3.tgz#85f288502503ade0b3bfc049fe1777b05d0327d5"

builtin-modules@^2.0.0:
  version "2.0.0"
  resolved "https://registry.yarnpkg.com/builtin-modules/-/builtin-modules-2.0.0.tgz#60b7ef5ae6546bd7deefa74b08b62a43a232648e"

is-module@^1.0.0:
  version "1.0.0"
  resolved "https://registry.yarnpkg.com/is-module/-/is-module-1.0.0.tgz#3258fb69f78c14d5b815d664336b4cffb6441591"

path-parse@^1.0.5:
  version "1.0.5"
  resolved "https://registry.yarnpkg.com/path-parse/-/path-parse-1.0.5.tgz#3c1adf871ea9cd6c9431b6ea2bd74a0ff055c4c1"

resolve@^1.1.6:
  version "1.6.0"
  resolved "https://registry.yarnpkg.com/resolve/-/resolve-1.6.0.tgz#0fbd21278b27b4004481c395349e7aba60a9ff5c"
  dependencies:
    path-parse "^1.0.5"

rollup-plugin-node-resolve@^3.3.0:
  version "3.3.0"
  resolved "https://registry.yarnpkg.com/rollup-plugin-node-resolve/-/rollup-plugin-node-resolve-3.3.0.tgz#c26d110a36812cbefa7ce117cadcd3439aa1c713"
  dependencies:
    builtin-modules "^2.0.0"
    is-module "^1.0.0"
    resolve "^1.1.6"

rollup@^0.65.0:
  version "0.65.0"
  resolved "https://registry.yarnpkg.com/rollup/-/rollup-0.65.0.tgz#280db1252169b68fc3043028346b337dde453fba"
  dependencies:
    "@types/estree" "0.0.39"
    "@types/node" "*"
