# THIS IS AN AUTOGENERATED FILE. DO NOT EDIT THIS FILE DIRECTLY.
# yarn lockfile v1


"@nimiq/network-client@../../":
  version "0.0.2"

"@types/estree@0.0.39":
  version "0.0.39"
  resolved "https://registry.yarnpkg.com/@types/estree/-/estree-0.0.39.tgz#e177e699ee1b8c22d23174caaa7422644389509f"
  integrity sha512-EYNwp3bU+98cpU4lAWYYL7Zz+2gryWH1qbdDTidVd6hkiR6weksdbMadyXKXNPEkQFhXM+hVO9ZygomHXp+AIw==

"@types/node@*":
  version "10.10.1"
  resolved "https://registry.yarnpkg.com/@types/node/-/node-10.10.1.tgz#d5c96ca246a418404914d180b7fdd625ad18eca6"
  integrity sha512-nzsx28VwfaIykfzMAG9TB3jxF5Nn+1/WMKnmVZc8TsB+LMIVvwUscVn7PAq+LFaY5ng5u4jp5mRROSswo76PPA==

builtin-modules@^2.0.0:
  version "2.0.0"
  resolved "https://registry.yarnpkg.com/builtin-modules/-/builtin-modules-2.0.0.tgz#60b7ef5ae6546bd7deefa74b08b62a43a232648e"
  integrity sha512-3U5kUA5VPsRUA3nofm/BXX7GVHKfxz0hOBAPxXrIvHzlDRkQVqEn6yi8QJegxl4LzOHLdvb7XF5dVawa/VVYBg==

is-module@^1.0.0:
  version "1.0.0"
  resolved "https://registry.yarnpkg.com/is-module/-/is-module-1.0.0.tgz#3258fb69f78c14d5b815d664336b4cffb6441591"
  integrity sha1-Mlj7afeMFNW4FdZkM2tM/7ZEFZE=

path-parse@^1.0.5:
  version "1.0.6"
  resolved "https://registry.yarnpkg.com/path-parse/-/path-parse-1.0.6.tgz#d62dbb5679405d72c4737ec58600e9ddcf06d24c"
  integrity sha512-GSmOT2EbHrINBf9SR7CDELwlJ8AENk3Qn7OikK4nFYAu3Ote2+JYNVvkpAEQm3/TLNEJFD/xZJjzyxg3KBWOzw==

resolve@^1.1.6:
  version "1.8.1"
  resolved "https://registry.yarnpkg.com/resolve/-/resolve-1.8.1.tgz#82f1ec19a423ac1fbd080b0bab06ba36e84a7a26"
  integrity sha512-AicPrAC7Qu1JxPCZ9ZgCZlY35QgFnNqc+0LtbRNxnVw4TXvjQ72wnuL9JQcEBgXkI9JM8MsT9kaQoHcpCRJOYA==
  dependencies:
    path-parse "^1.0.5"

rollup-plugin-node-resolve@^3.4.0:
  version "3.4.0"
  resolved "https://registry.yarnpkg.com/rollup-plugin-node-resolve/-/rollup-plugin-node-resolve-3.4.0.tgz#908585eda12e393caac7498715a01e08606abc89"
  integrity sha512-PJcd85dxfSBWih84ozRtBkB731OjXk0KnzN0oGp7WOWcarAFkVa71cV5hTJg2qpVsV2U8EUwrzHP3tvy9vS3qg==
  dependencies:
    builtin-modules "^2.0.0"
    is-module "^1.0.0"
    resolve "^1.1.6"

rollup@^0.66.0:
  version "0.66.0"
  resolved "https://registry.yarnpkg.com/rollup/-/rollup-0.66.0.tgz#697acc008f4b613695b17222c7626affddf4a506"
  integrity sha512-WOkVBSdod3phCSAri5Q579JufeAzJTi43L4oAHzFtjRWJTv2LIszYCU3K9TLMEsVksMY93EwgWCb+hpKRhQwGg==
  dependencies:
    "@types/estree" "0.0.39"
    "@types/node" "*"
